
Microsoft Visual Studio Solution File, Format Version 12.00
# Visual Studio Version 16
VisualStudioVersion = 16.0.31112.23
MinimumVisualStudioVersion = 10.0.40219.1
Project("{9A19103F-16F7-4668-BE54-9A1E7A4F7556}") = "MidChat", "MidChat\MidChat.csproj", "{7F583233-B991-4AB9-976E-4C18A22EE73B}"
EndProject
Project("{9A19103F-16F7-4668-BE54-9A1E7A4F7556}") = "EntitiesDB", "EntitiesDB\EntitiesDB.csproj", "{D3706281-A1D4-47C9-9B8B-9F27152F84F5}"
EndProject
Project("{9A19103F-16F7-4668-BE54-9A1E7A4F7556}") = "MidChat.BLL", "MidChat.BLL\MidChat.BLL.csproj", "{E64C581F-3C30-4BF8-9A08-66F4A6222A00}"
EndProject
Project("{FAE04EC0-301F-11D3-BF4B-00C04F79EFBC}") = "Identity", "Identity\Identity.csproj", "{846A5052-870C-4DAD-8587-17FC91382A43}"
EndProject
Global
	GlobalSection(SolutionConfigurationPlatforms) = preSolution
		Debug|Any CPU = Debug|Any CPU
		Release|Any CPU = Release|Any CPU
	EndGlobalSection
	GlobalSection(ProjectConfigurationPlatforms) = postSolution
		{7F583233-B991-4AB9-976E-4C18A22EE73B}.Debug|Any CPU.ActiveCfg = Debug|Any CPU
		{7F583233-B991-4AB9-976E-4C18A22EE73B}.Debug|Any CPU.Build.0 = Debug|Any CPU
		{7F583233-B991-4AB9-976E-4C18A22EE73B}.Release|Any CPU.ActiveCfg = Release|Any CPU
		{7F583233-B991-4AB9-976E-4C18A22EE73B}.Release|Any CPU.Build.0 = Release|Any CPU
		{D3706281-A1D4-47C9-9B8B-9F27152F84F5}.Debug|Any CPU.ActiveCfg = Debug|Any CPU
		{D3706281-A1D4-47C9-9B8B-9F27152F84F5}.Debug|Any CPU.Build.0 = Debug|Any CPU
		{D3706281-A1D4-47C9-9B8B-9F27152F84F5}.Release|Any CPU.ActiveCfg = Release|Any CPU
		{D3706281-A1D4-47C9-9B8B-9F27152F84F5}.Release|Any CPU.Build.0 = Release|Any CPU
		{E64C581F-3C30-4BF8-9A08-66F4A6222A00}.Debug|Any CPU.ActiveCfg = Debug|Any CPU
		{E64C581F-3C30-4BF8-9A08-66F4A6222A00}.Debug|Any CPU.Build.0 = Debug|Any CPU
		{E64C581F-3C30-4BF8-9A08-66F4A6222A00}.Release|Any CPU.ActiveCfg = Release|Any CPU
		{E64C581F-3C30-4BF8-9A08-66F4A6222A00}.Release|Any CPU.Build.0 = Release|Any CPU
		{846A5052-870C-4DAD-8587-17FC91382A43}.Debug|Any CPU.ActiveCfg = Debug|Any CPU
		{846A5052-870C-4DAD-8587-17FC91382A43}.Debug|Any CPU.Build.0 = Debug|Any CPU
		{846A5052-870C-4DAD-8587-17FC91382A43}.Release|Any CPU.ActiveCfg = Release|Any CPU
		{846A5052-870C-4DAD-8587-17FC91382A43}.Release|Any CPU.Build.0 = Release|Any CPU
	EndGlobalSection
	GlobalSection(SolutionProperties) = preSolution
		HideSolutionNode = FALSE
	EndGlobalSection
	GlobalSection(ExtensibilityGlobals) = postSolution
		SolutionGuid = {37CFEA71-3EBD-4211-85A7-4DEE1EC119BD}
	EndGlobalSection
EndGlobal
